{
  "name": "webgis",
  "version": "1.0.0",
  "lockfileVersion": 3,
  "requires": true,
  "packages": {
    "": {
      "name": "webgis",
      "version": "1.0.0",
      "dependencies": {
        "leaflet-heatmap": "^1.0.0"
      }
    },
    "node_modules/heatmap.js": {
      "version": "2.0.5",
      "resolved": "https://registry.npmmirror.com/heatmap.js/-/heatmap.js-2.0.5.tgz",
      "integrity": "sha512-CG2gYFP5Cv9IQCXEg3ZRxnJDyAilhWnQlAuHYGuWVzv6mFtQelS1bR9iN80IyDmFECbFPbg6I0LR5uAFHgCthw=="
    },
    "node_modules/leaflet": {
      "version": "1.9.4",
      "resolved": "https://registry.npmmirror.com/leaflet/-/leaflet-1.9.4.tgz",
      "integrity": "sha512-nxS1ynzJOmOlHp+iL3FyWqK89GtNL8U8rvlMOsQdTTssxZwCXh8N2NB3GDQOL+YR3XnWyZAxwQixURb+FA74PA=="
    },
    "node_modules/leaflet-heatmap": {
      "version": "1.0.0",
      "resolved": "https://registry.npmmirror.com/leaflet-heatmap/-/leaflet-heatmap-1.0.0.tgz",
      "integrity": "sha512-WP/emZYwjWaEnWMcE2dftuJvtjp53zmJcHtVTHUqPN7AQEowHxDTLH5j1BJjE4uL1K5dJclBLX4oLpnOGS/qTw==",
      "dependencies": {
        "heatmap.js": "*",
        "leaflet": "*"
      }
    }
  }
}
